// !$*UTF8*$!
{
	archiveVersion = 1;
	classes = {
	};
	objectVersion = 56;
	objects = {

/* Begin PBXBuildFile section */
		CE35DF9B8A482F55B14687A7 /* Pods_ToDoList.framework in Frameworks */ = {isa = PBXBuildFile; fileRef = 60A574428467913DFDC8D210 /* Pods_ToDoList.framework */; };
		DF609B222AAEABC800E56551 /* KakaoLoginNetwork.swift in Sources */ = {isa = PBXBuildFile; fileRef = DF609B212AAEABC800E56551 /* KakaoLoginNetwork.swift */; };
		DF69226F2A876AAF00C87B74 /* ImageNames.swift in Sources */ = {isa = PBXBuildFile; fileRef = DF69226E2A876AAF00C87B74 /* ImageNames.swift */; };
		DF6E5C6A2AD58BB800675C13 /* GoogleLoginNetwork.swift in Sources */ = {isa = PBXBuildFile; fileRef = DF6E5C692AD58BB800675C13 /* GoogleLoginNetwork.swift */; };
		DF731A682A88FA7100223DD2 /* LoginImageFunc.swift in Sources */ = {isa = PBXBuildFile; fileRef = DF731A672A88FA7100223DD2 /* LoginImageFunc.swift */; };
		DF731A6A2A8907A900223DD2 /* SuccessViewController.swift in Sources */ = {isa = PBXBuildFile; fileRef = DF731A692A8907A900223DD2 /* SuccessViewController.swift */; };
		DF93CCBC2A80BA7F00DD9DCD /* AppDelegate.swift in Sources */ = {isa = PBXBuildFile; fileRef = DF93CCBB2A80BA7F00DD9DCD /* AppDelegate.swift */; };
		DF93CCBE2A80BA7F00DD9DCD /* SceneDelegate.swift in Sources */ = {isa = PBXBuildFile; fileRef = DF93CCBD2A80BA7F00DD9DCD /* SceneDelegate.swift */; };
		DF93CCC02A80BA7F00DD9DCD /* LoginViewController.swift in Sources */ = {isa = PBXBuildFile; fileRef = DF93CCBF2A80BA7F00DD9DCD /* LoginViewController.swift */; };
		DF93CCC32A80BA7F00DD9DCD /* Main.storyboard in Resources */ = {isa = PBXBuildFile; fileRef = DF93CCC12A80BA7F00DD9DCD /* Main.storyboard */; };
		DF93CCC62A80BA7F00DD9DCD /* ToDoList.xcdatamodeld in Sources */ = {isa = PBXBuildFile; fileRef = DF93CCC42A80BA7F00DD9DCD /* ToDoList.xcdatamodeld */; };
		DF93CCC82A80BA8100DD9DCD /* Assets.xcassets in Resources */ = {isa = PBXBuildFile; fileRef = DF93CCC72A80BA8100DD9DCD /* Assets.xcassets */; };
		DF93CCCB2A80BA8100DD9DCD /* LaunchScreen.storyboard in Resources */ = {isa = PBXBuildFile; fileRef = DF93CCC92A80BA8100DD9DCD /* LaunchScreen.storyboard */; };
/* End PBXBuildFile section */

/* Begin PBXFileReference section */
		60A574428467913DFDC8D210 /* Pods_ToDoList.framework */ = {isa = PBXFileReference; explicitFileType = wrapper.framework; includeInIndex = 0; path = Pods_ToDoList.framework; sourceTree = BUILT_PRODUCTS_DIR; };
		D14C066EEB0575F3DF6C90E2 /* Pods-ToDoList.release.xcconfig */ = {isa = PBXFileReference; includeInIndex = 1; lastKnownFileType = text.xcconfig; name = "Pods-ToDoList.release.xcconfig"; path = "Target Support Files/Pods-ToDoList/Pods-ToDoList.release.xcconfig"; sourceTree = "<group>"; };
		D21A568EC045A25E40B35A27 /* Pods-ToDoList.debug.xcconfig */ = {isa = PBXFileReference; includeInIndex = 1; lastKnownFileType = text.xcconfig; name = "Pods-ToDoList.debug.xcconfig"; path = "Target Support Files/Pods-ToDoList/Pods-ToDoList.debug.xcconfig"; sourceTree = "<group>"; };
		DF609B212AAEABC800E56551 /* KakaoLoginNetwork.swift */ = {isa = PBXFileReference; lastKnownFileType = sourcecode.swift; path = KakaoLoginNetwork.swift; sourceTree = "<group>"; };
		DF69226E2A876AAF00C87B74 /* ImageNames.swift */ = {isa = PBXFileReference; lastKnownFileType = sourcecode.swift; path = ImageNames.swift; sourceTree = "<group>"; };
		DF6E5C692AD58BB800675C13 /* GoogleLoginNetwork.swift */ = {isa = PBXFileReference; lastKnownFileType = sourcecode.swift; path = GoogleLoginNetwork.swift; sourceTree = "<group>"; };
		DF731A672A88FA7100223DD2 /* LoginImageFunc.swift */ = {isa = PBXFileReference; lastKnownFileType = sourcecode.swift; path = LoginImageFunc.swift; sourceTree = "<group>"; };
		DF731A692A8907A900223DD2 /* SuccessViewController.swift */ = {isa = PBXFileReference; lastKnownFileType = sourcecode.swift; path = SuccessViewController.swift; sourceTree = "<group>"; };
		DF93CCB82A80BA7F00DD9DCD /* ToDoList.app */ = {isa = PBXFileReference; explicitFileType = wrapper.application; includeInIndex = 0; path = ToDoList.app; sourceTree = BUILT_PRODUCTS_DIR; };
		DF93CCBB2A80BA7F00DD9DCD /* AppDelegate.swift */ = {isa = PBXFileReference; lastKnownFileType = sourcecode.swift; path = AppDelegate.swift; sourceTree = "<group>"; };
		DF93CCBD2A80BA7F00DD9DCD /* SceneDelegate.swift */ = {isa = PBXFileReference; lastKnownFileType = sourcecode.swift; path = SceneDelegate.swift; sourceTree = "<group>"; };
		DF93CCBF2A80BA7F00DD9DCD /* LoginViewController.swift */ = {isa = PBXFileReference; lastKnownFileType = sourcecode.swift; path = LoginViewController.swift; sourceTree = "<group>"; };
		DF93CCC22A80BA7F00DD9DCD /* Base */ = {isa = PBXFileReference; lastKnownFileType = file.storyboard; name = Base; path = Base.lproj/Main.storyboard; sourceTree = "<group>"; };
		DF93CCC52A80BA7F00DD9DCD /* ToDoList.xcdatamodel */ = {isa = PBXFileReference; lastKnownFileType = wrapper.xcdatamodel; path = ToDoList.xcdatamodel; sourceTree = "<group>"; };
		DF93CCC72A80BA8100DD9DCD /* Assets.xcassets */ = {isa = PBXFileReference; lastKnownFileType = folder.assetcatalog; path = Assets.xcassets; sourceTree = "<group>"; };
		DF93CCCA2A80BA8100DD9DCD /* Base */ = {isa = PBXFileReference; lastKnownFileType = file.storyboard; name = Base; path = Base.lproj/LaunchScreen.storyboard; sourceTree = "<group>"; };
		DF93CCCC2A80BA8100DD9DCD /* Info.plist */ = {isa = PBXFileReference; lastKnownFileType = text.plist.xml; path = Info.plist; sourceTree = "<group>"; };
/* End PBXFileReference section */

/* Begin PBXFrameworksBuildPhase section */
		DF93CCB52A80BA7F00DD9DCD /* Frameworks */ = {
			isa = PBXFrameworksBuildPhase;
			buildActionMask = 2147483647;
			files = (
				CE35DF9B8A482F55B14687A7 /* Pods_ToDoList.framework in Frameworks */,
			);
			runOnlyForDeploymentPostprocessing = 0;
		};
/* End PBXFrameworksBuildPhase section */

/* Begin PBXGroup section */
		3FD10B1AF9277012B8027191 /* Pods */ = {
			isa = PBXGroup;
			children = (
				D21A568EC045A25E40B35A27 /* Pods-ToDoList.debug.xcconfig */,
				D14C066EEB0575F3DF6C90E2 /* Pods-ToDoList.release.xcconfig */,
			);
			path = Pods;
			sourceTree = "<group>";
		};
		6D4230384618FAA15DD7DC49 /* Frameworks */ = {
			isa = PBXGroup;
			children = (
				60A574428467913DFDC8D210 /* Pods_ToDoList.framework */,
			);
			name = Frameworks;
			sourceTree = "<group>";
		};
		DF6922602A83604D00C87B74 /* Model */ = {
			isa = PBXGroup;
			children = (
				DF93CCC42A80BA7F00DD9DCD /* ToDoList.xcdatamodeld */,
			);
			path = Model;
			sourceTree = "<group>";
		};
		DF6922612A83605F00C87B74 /* View */ = {
			isa = PBXGroup;
			children = (
				DF93CCC72A80BA8100DD9DCD /* Assets.xcassets */,
				DF93CCC12A80BA7F00DD9DCD /* Main.storyboard */,
				DF93CCC92A80BA8100DD9DCD /* LaunchScreen.storyboard */,
				DF731A672A88FA7100223DD2 /* LoginImageFunc.swift */,
			);
			path = View;
			sourceTree = "<group>";
		};
		DF6922622A83607800C87B74 /* Controller */ = {
			isa = PBXGroup;
			children = (
				DF93CCBF2A80BA7F00DD9DCD /* LoginViewController.swift */,
				DF731A692A8907A900223DD2 /* SuccessViewController.swift */,
			);
			path = Controller;
			sourceTree = "<group>";
		};
		DF69226D2A876A9300C87B74 /* Helpers */ = {
			isa = PBXGroup;
			children = (
				DF69226E2A876AAF00C87B74 /* ImageNames.swift */,
			);
			path = Helpers;
			sourceTree = "<group>";
		};
		DF6922702A87A67A00C87B74 /* Networking */ = {
			isa = PBXGroup;
			children = (
				DF609B212AAEABC800E56551 /* KakaoLoginNetwork.swift */,
				DF6E5C692AD58BB800675C13 /* GoogleLoginNetwork.swift */,
			);
			path = Networking;
			sourceTree = "<group>";
		};
		DF93CCAF2A80BA7F00DD9DCD = {
			isa = PBXGroup;
			children = (
				DF93CCBA2A80BA7F00DD9DCD /* ToDoList */,
				DF93CCB92A80BA7F00DD9DCD /* Products */,
				3FD10B1AF9277012B8027191 /* Pods */,
				6D4230384618FAA15DD7DC49 /* Frameworks */,
			);
			sourceTree = "<group>";
		};
		DF93CCB92A80BA7F00DD9DCD /* Products */ = {
			isa = PBXGroup;
			children = (
				DF93CCB82A80BA7F00DD9DCD /* ToDoList.app */,
			);
			name = Products;
			sourceTree = "<group>";
		};
		DF93CCBA2A80BA7F00DD9DCD /* ToDoList */ = {
			isa = PBXGroup;
			children = (
				DF93CCBD2A80BA7F00DD9DCD /* SceneDelegate.swift */,
				DF93CCBB2A80BA7F00DD9DCD /* AppDelegate.swift */,
				DF6922702A87A67A00C87B74 /* Networking */,
				DF69226D2A876A9300C87B74 /* Helpers */,
				DF6922622A83607800C87B74 /* Controller */,
				DF6922612A83605F00C87B74 /* View */,
				DF6922602A83604D00C87B74 /* Model */,
				DF93CCCC2A80BA8100DD9DCD /* Info.plist */,
			);
			path = ToDoList;
			sourceTree = "<group>";
		};
/* End PBXGroup section */

/* Begin PBXNativeTarget section */
		DF93CCB72A80BA7F00DD9DCD /* ToDoList */ = {
			isa = PBXNativeTarget;
			buildConfigurationList = DF93CCCF2A80BA8100DD9DCD /* Build configuration list for PBXNativeTarget "ToDoList" */;
			buildPhases = (
				C70A9D792B44F596B6DA2BB8 /* [CP] Check Pods Manifest.lock */,
				DF93CCB42A80BA7F00DD9DCD /* Sources */,
				DF93CCB52A80BA7F00DD9DCD /* Frameworks */,
				DF93CCB62A80BA7F00DD9DCD /* Resources */,
				412DE186B21562D572C5F2ED /* [CP] Embed Pods Frameworks */,
				C816AA79FFF7E28939380ADA /* [CP] Copy Pods Resources */,
			);
			buildRules = (
			);
			dependencies = (
			);
			name = ToDoList;
			productName = ToDoList;
			productReference = DF93CCB82A80BA7F00DD9DCD /* ToDoList.app */;
			productType = "com.apple.product-type.application";
		};
/* End PBXNativeTarget section */

/* Begin PBXProject section */
		DF93CCB02A80BA7F00DD9DCD /* Project object */ = {
			isa = PBXProject;
			attributes = {
				BuildIndependentTargetsInParallel = 1;
				LastSwiftUpdateCheck = 1430;
				LastUpgradeCheck = 1430;
				TargetAttributes = {
					DF93CCB72A80BA7F00DD9DCD = {
						CreatedOnToolsVersion = 14.3.1;
					};
				};
			};
			buildConfigurationList = DF93CCB32A80BA7F00DD9DCD /* Build configuration list for PBXProject "ToDoList" */;
			compatibilityVersion = "Xcode 14.0";
			developmentRegion = en;
			hasScannedForEncodings = 0;
			knownRegions = (
				en,
				Base,
			);
			mainGroup = DF93CCAF2A80BA7F00DD9DCD;
			productRefGroup = DF93CCB92A80BA7F00DD9DCD /* Products */;
			projectDirPath = "";
			projectRoot = "";
			targets = (
				DF93CCB72A80BA7F00DD9DCD /* ToDoList */,
			);
		};
/* End PBXProject section */

/* Begin PBXResourcesBuildPhase section */
		DF93CCB62A80BA7F00DD9DCD /* Resources */ = {
			isa = PBXResourcesBuildPhase;
			buildActionMask = 2147483647;
			files = (
				DF93CCCB2A80BA8100DD9DCD /* LaunchScreen.storyboard in Resources */,
				DF93CCC82A80BA8100DD9DCD /* Assets.xcassets in Resources */,
				DF93CCC32A80BA7F00DD9DCD /* Main.storyboard in Resources */,
			);
			runOnlyForDeploymentPostprocessing = 0;
		};
/* End PBXResourcesBuildPhase section */

/* Begin PBXShellScriptBuildPhase section */
		412DE186B21562D572C5F2ED /* [CP] Embed Pods Frameworks */ = {
			isa = PBXShellScriptBuildPhase;
			buildActionMask = 2147483647;
			files = (
			);
			inputFileListPaths = (
				"${PODS_ROOT}/Target Support Files/Pods-ToDoList/Pods-ToDoList-frameworks-${CONFIGURATION}-input-files.xcfilelist",
			);
			name = "[CP] Embed Pods Frameworks";
			outputFileListPaths = (
				"${PODS_ROOT}/Target Support Files/Pods-ToDoList/Pods-ToDoList-frameworks-${CONFIGURATION}-output-files.xcfilelist",
			);
			runOnlyForDeploymentPostprocessing = 0;
			shellPath = /bin/sh;
			shellScript = "\"${PODS_ROOT}/Target Support Files/Pods-ToDoList/Pods-ToDoList-frameworks.sh\"\n";
			showEnvVarsInLog = 0;
		};
		C70A9D792B44F596B6DA2BB8 /* [CP] Check Pods Manifest.lock */ = {
			isa = PBXShellScriptBuildPhase;
			buildActionMask = 2147483647;
			files = (
			);
			inputFileListPaths = (
			);
			inputPaths = (
				"${PODS_PODFILE_DIR_PATH}/Podfile.lock",
				"${PODS_ROOT}/Manifest.lock",
			);
			name = "[CP] Check Pods Manifest.lock";
			outputFileListPaths = (
			);
			outputPaths = (
				"$(DERIVED_FILE_DIR)/Pods-ToDoList-checkManifestLockResult.txt",
			);
			runOnlyForDeploymentPostprocessing = 0;
			shellPath = /bin/sh;
			shellScript = "diff \"${PODS_PODFILE_DIR_PATH}/Podfile.lock\" \"${PODS_ROOT}/Manifest.lock\" > /dev/null\nif [ $? != 0 ] ; then\n    # print error to STDERR\n    echo \"error: The sandbox is not in sync with the Podfile.lock. Run 'pod install' or update your CocoaPods installation.\" >&2\n    exit 1\nfi\n# This output is used by Xcode 'outputs' to avoid re-running this script phase.\necho \"SUCCESS\" > \"${SCRIPT_OUTPUT_FILE_0}\"\n";
			showEnvVarsInLog = 0;
		};
		C816AA79FFF7E28939380ADA /* [CP] Copy Pods Resources */ = {
			isa = PBXShellScriptBuildPhase;
			buildActionMask = 2147483647;
			files = (
			);
			inputFileListPaths = (
				"${PODS_ROOT}/Target Support Files/Pods-ToDoList/Pods-ToDoList-resources-${CONFIGURATION}-input-files.xcfilelist",
			);
			name = "[CP] Copy Pods Resources";
			outputFileListPaths = (
				"${PODS_ROOT}/Target Support Files/Pods-ToDoList/Pods-ToDoList-resources-${CONFIGURATION}-output-files.xcfilelist",
			);
			runOnlyForDeploymentPostprocessing = 0;
			shellPath = /bin/sh;
			shellScript = "\"${PODS_ROOT}/Target Support Files/Pods-ToDoList/Pods-ToDoList-resources.sh\"\n";
			showEnvVarsInLog = 0;
		};
/* End PBXShellScriptBuildPhase section */

/* Begin PBXSourcesBuildPhase section */
		DF93CCB42A80BA7F00DD9DCD /* Sources */ = {
			isa = PBXSourcesBuildPhase;
			buildActionMask = 2147483647;
			files = (
				DF93CCC02A80BA7F00DD9DCD /* LoginViewController.swift in Sources */,
				DF609B222AAEABC800E56551 /* KakaoLoginNetwork.swift in Sources */,
				DF93CCBC2A80BA7F00DD9DCD /* AppDelegate.swift in Sources */,
				DF93CCBE2A80BA7F00DD9DCD /* SceneDelegate.swift in Sources */,
				DF6E5C6A2AD58BB800675C13 /* GoogleLoginNetwork.swift in Sources */,
				DF93CCC62A80BA7F00DD9DCD /* ToDoList.xcdatamodeld in Sources */,
				DF69226F2A876AAF00C87B74 /* ImageNames.swift in Sources */,
				DF731A6A2A8907A900223DD2 /* SuccessViewController.swift in Sources */,
				DF731A682A88FA7100223DD2 /* LoginImageFunc.swift in Sources */,
			);
			runOnlyForDeploymentPostprocessing = 0;
		};
/* End PBXSourcesBuildPhase section */

/* Begin PBXVariantGroup section */
		DF93CCC12A80BA7F00DD9DCD /* Main.storyboard */ = {
			isa = PBXVariantGroup;
			children = (
				DF93CCC22A80BA7F00DD9DCD /* Base */,
			);
			name = Main.storyboard;
			sourceTree = "<group>";
		};
		DF93CCC92A80BA8100DD9DCD /* LaunchScreen.storyboard */ = {
			isa = PBXVariantGroup;
			children = (
				DF93CCCA2A80BA8100DD9DCD /* Base */,
			);
			name = LaunchScreen.storyboard;
			sourceTree = "<group>";
		};
/* End PBXVariantGroup section */

/* Begin XCBuildConfiguration section */
		DF93CCCD2A80BA8100DD9DCD /* Debug */ = {
			isa = XCBuildConfiguration;
			buildSettings = {
				ALWAYS_SEARCH_USER_PATHS = NO;
				CLANG_ANALYZER_NONNULL = YES;
				CLANG_ANALYZER_NUMBER_OBJECT_CONVERSION = YES_AGGRESSIVE;
				CLANG_CXX_LANGUAGE_STANDARD = "gnu++20";
				CLANG_ENABLE_MODULES = YES;
				CLANG_ENABLE_OBJC_ARC = YES;
				CLANG_ENABLE_OBJC_WEAK = YES;
				CLANG_WARN_BLOCK_CAPTURE_AUTORELEASING = YES;
				CLANG_WARN_BOOL_CONVERSION = YES;
				CLANG_WARN_COMMA = YES;
				CLANG_WARN_CONSTANT_CONVERSION = YES;
				CLANG_WARN_DEPRECATED_OBJC_IMPLEMENTATIONS = YES;
				CLANG_WARN_DIRECT_OBJC_ISA_USAGE = YES_ERROR;
				CLANG_WARN_DOCUMENTATION_COMMENTS = YES;
				CLANG_WARN_EMPTY_BODY = YES;
				CLANG_WARN_ENUM_CONVERSION = YES;
				CLANG_WARN_INFINITE_RECURSION = YES;
				CLANG_WARN_INT_CONVERSION = YES;
				CLANG_WARN_NON_LITERAL_NULL_CONVERSION = YES;
				CLANG_WARN_OBJC_IMPLICIT_RETAIN_SELF = YES;
				CLANG_WARN_OBJC_LITERAL_CONVERSION = YES;
				CLANG_WARN_OBJC_ROOT_CLASS = YES_ERROR;
				CLANG_WARN_QUOTED_INCLUDE_IN_FRAMEWORK_HEADER = YES;
				CLANG_WARN_RANGE_LOOP_ANALYSIS = YES;
				CLANG_WARN_STRICT_PROTOTYPES = YES;
				CLANG_WARN_SUSPICIOUS_MOVE = YES;
				CLANG_WARN_UNGUARDED_AVAILABILITY = YES_AGGRESSIVE;
				CLANG_WARN_UNREACHABLE_CODE = YES;
				CLANG_WARN__DUPLICATE_METHOD_MATCH = YES;
				COPY_PHASE_STRIP = NO;
				DEBUG_INFORMATION_FORMAT = dwarf;
				ENABLE_STRICT_OBJC_MSGSEND = YES;
				ENABLE_TESTABILITY = YES;
				GCC_C_LANGUAGE_STANDARD = gnu11;
				GCC_DYNAMIC_NO_PIC = NO;
				GCC_NO_COMMON_BLOCKS = YES;
				GCC_OPTIMIZATION_LEVEL = 0;
				GCC_PREPROCESSOR_DEFINITIONS = (
					"DEBUG=1",
					"$(inherited)",
				);
				GCC_WARN_64_TO_32_BIT_CONVERSION = YES;
				GCC_WARN_ABOUT_RETURN_TYPE = YES_ERROR;
				GCC_WARN_UNDECLARED_SELECTOR = YES;
				GCC_WARN_UNINITIALIZED_AUTOS = YES_AGGRESSIVE;
				GCC_WARN_UNUSED_FUNCTION = YES;
				GCC_WARN_UNUSED_VARIABLE = YES;
				IPHONEOS_DEPLOYMENT_TARGET = 16.4;
				MTL_ENABLE_DEBUG_INFO = INCLUDE_SOURCE;
				MTL_FAST_MATH = YES;
				ONLY_ACTIVE_ARCH = YES;
				SDKROOT = iphoneos;
				SWIFT_ACTIVE_COMPILATION_CONDITIONS = DEBUG;
				SWIFT_OPTIMIZATION_LEVEL = "-Onone";
			};
			name = Debug;
		};
		DF93CCCE2A80BA8100DD9DCD /* Release */ = {
			isa = XCBuildConfiguration;
			buildSettings = {
				ALWAYS_SEARCH_USER_PATHS = NO;
				CLANG_ANALYZER_NONNULL = YES;
				CLANG_ANALYZER_NUMBER_OBJECT_CONVERSION = YES_AGGRESSIVE;
				CLANG_CXX_LANGUAGE_STANDARD = "gnu++20";
				CLANG_ENABLE_MODULES = YES;
				CLANG_ENABLE_OBJC_ARC = YES;
				CLANG_ENABLE_OBJC_WEAK = YES;
				CLANG_WARN_BLOCK_CAPTURE_AUTORELEASING = YES;
				CLANG_WARN_BOOL_CONVERSION = YES;
				CLANG_WARN_COMMA = YES;
				CLANG_WARN_CONSTANT_CONVERSION = YES;
				CLANG_WARN_DEPRECATED_OBJC_IMPLEMENTATIONS = YES;
				CLANG_WARN_DIRECT_OBJC_ISA_USAGE = YES_ERROR;
				CLANG_WARN_DOCUMENTATION_COMMENTS = YES;
				CLANG_WARN_EMPTY_BODY = YES;
				CLANG_WARN_ENUM_CONVERSION = YES;
				CLANG_WARN_INFINITE_RECURSION = YES;
				CLANG_WARN_INT_CONVERSION = YES;
				CLANG_WARN_NON_LITERAL_NULL_CONVERSION = YES;
				CLANG_WARN_OBJC_IMPLICIT_RETAIN_SELF = YES;
				CLANG_WARN_OBJC_LITERAL_CONVERSION = YES;
				CLANG_WARN_OBJC_ROOT_CLASS = YES_ERROR;
				CLANG_WARN_QUOTED_INCLUDE_IN_FRAMEWORK_HEADER = YES;
				CLANG_WARN_RANGE_LOOP_ANALYSIS = YES;
				CLANG_WARN_STRICT_PROTOTYPES = YES;
				CLANG_WARN_SUSPICIOUS_MOVE = YES;
				CLANG_WARN_UNGUARDED_AVAILABILITY = YES_AGGRESSIVE;
				CLANG_WARN_UNREACHABLE_CODE = YES;
				CLANG_WARN__DUPLICATE_METHOD_MATCH = YES;
				COPY_PHASE_STRIP = NO;
				DEBUG_INFORMATION_FORMAT = "dwarf-with-dsym";
				ENABLE_NS_ASSERTIONS = NO;
				ENABLE_STRICT_OBJC_MSGSEND = YES;
				GCC_C_LANGUAGE_STANDARD = gnu11;
				GCC_NO_COMMON_BLOCKS = YES;
				GCC_WARN_64_TO_32_BIT_CONVERSION = YES;
				GCC_WARN_ABOUT_RETURN_TYPE = YES_ERROR;
				GCC_WARN_UNDECLARED_SELECTOR = YES;
				GCC_WARN_UNINITIALIZED_AUTOS = YES_AGGRESSIVE;
				GCC_WARN_UNUSED_FUNCTION = YES;
				GCC_WARN_UNUSED_VARIABLE = YES;
				IPHONEOS_DEPLOYMENT_TARGET = 16.4;
				MTL_ENABLE_DEBUG_INFO = NO;
				MTL_FAST_MATH = YES;
				SDKROOT = iphoneos;
				SWIFT_COMPILATION_MODE = wholemodule;
				SWIFT_OPTIMIZATION_LEVEL = "-O";
				VALIDATE_PRODUCT = YES;
			};
			name = Release;
		};
		DF93CCD02A80BA8100DD9DCD /* Debug */ = {
			isa = XCBuildConfiguration;
			baseConfigurationReference = D21A568EC045A25E40B35A27 /* Pods-ToDoList.debug.xcconfig */;
			buildSettings = {
				ASSETCATALOG_COMPILER_APPICON_NAME = AppIcon;
				ASSETCATALOG_COMPILER_GLOBAL_ACCENT_COLOR_NAME = AccentColor;
				CODE_SIGN_STYLE = Automatic;
				CURRENT_PROJECT_VERSION = 1;
				DEVELOPMENT_TEAM = BL747HHQK8;
				GENERATE_INFOPLIST_FILE = YES;
				INFOPLIST_FILE = ToDoList/Info.plist;
				INFOPLIST_KEY_CFBundleDisplayName = "";
				INFOPLIST_KEY_LSApplicationCategoryType = "\"\"";
				INFOPLIST_KEY_UIApplicationSupportsIndirectInputEvents = YES;
				INFOPLIST_KEY_UILaunchStoryboardName = LaunchScreen;
				INFOPLIST_KEY_UIMainStoryboardFile = Main;
				INFOPLIST_KEY_UISupportedInterfaceOrientations_iPad = "UIInterfaceOrientationPortrait UIInterfaceOrientationPortraitUpsideDown UIInterfaceOrientationLandscapeLeft UIInterfaceOrientationLandscapeRight";
				INFOPLIST_KEY_UISupportedInterfaceOrientations_iPhone = "UIInterfaceOrientationPortrait UIInterfaceOrientationLandscapeLeft UIInterfaceOrientationLandscapeRight";
				LD_RUNPATH_SEARCH_PATHS = (
					"$(inherited)",
					"@executable_path/Frameworks",
				);
				MARKETING_VERSION = 1.0;
				PRODUCT_BUNDLE_IDENTIFIER = "-1-01-.ToDoList";
				PRODUCT_NAME = "$(TARGET_NAME)";
				SWIFT_EMIT_LOC_STRINGS = YES;
				SWIFT_VERSION = 5.0;
				TARGETED_DEVICE_FAMILY = "1,2";
			};
			name = Debug;
		};
		DF93CCD12A80BA8100DD9DCD /* Release */ = {
			isa = XCBuildConfiguration;
			baseConfigurationReference = D14C066EEB0575F3DF6C90E2 /* Pods-ToDoList.release.xcconfig */;
			buildSettings = {
				ASSETCATALOG_COMPILER_APPICON_NAME = AppIcon;
				ASSETCATALOG_COMPILER_GLOBAL_ACCENT_COLOR_NAME = AccentColor;
				CODE_SIGN_STYLE = Automatic;
				CURRENT_PROJECT_VERSION = 1;
				DEVELOPMENT_TEAM = BL747HHQK8;
				GENERATE_INFOPLIST_FILE = YES;
				INFOPLIST_FILE = ToDoList/Info.plist;
				INFOPLIST_KEY_CFBundleDisplayName = "";
				INFOPLIST_KEY_LSApplicationCategoryType = "\"\"";
				INFOPLIST_KEY_UIApplicationSupportsIndirectInputEvents = YES;
				INFOPLIST_KEY_UILaunchStoryboardName = LaunchScreen;
				INFOPLIST_KEY_UIMainStoryboardFile = Main;
				INFOPLIST_KEY_UISupportedInterfaceOrientations_iPad = "UIInterfaceOrientationPortrait UIInterfaceOrientationPortraitUpsideDown UIInterfaceOrientationLandscapeLeft UIInterfaceOrientationLandscapeRight";
				INFOPLIST_KEY_UISupportedInterfaceOrientations_iPhone = "UIInterfaceOrientationPortrait UIInterfaceOrientationLandscapeLeft UIInterfaceOrientationLandscapeRight";
				LD_RUNPATH_SEARCH_PATHS = (
					"$(inherited)",
					"@executable_path/Frameworks",
				);
				MARKETING_VERSION = 1.0;
				PRODUCT_BUNDLE_IDENTIFIER = "-1-01-.ToDoList";
				PRODUCT_NAME = "$(TARGET_NAME)";
				SWIFT_EMIT_LOC_STRINGS = YES;
				SWIFT_VERSION = 5.0;
				TARGETED_DEVICE_FAMILY = "1,2";
			};
			name = Release;
		};
/* End XCBuildConfiguration section */

/* Begin XCConfigurationList section */
		DF93CCB32A80BA7F00DD9DCD /* Build configuration list for PBXProject "ToDoList" */ = {
			isa = XCConfigurationList;
			buildConfigurations = (
				DF93CCCD2A80BA8100DD9DCD /* Debug */,
				DF93CCCE2A80BA8100DD9DCD /* Release */,
			);
			defaultConfigurationIsVisible = 0;
			defaultConfigurationName = Release;
		};
		DF93CCCF2A80BA8100DD9DCD /* Build configuration list for PBXNativeTarget "ToDoList" */ = {
			isa = XCConfigurationList;
			buildConfigurations = (
				DF93CCD02A80BA8100DD9DCD /* Debug */,
				DF93CCD12A80BA8100DD9DCD /* Release */,
			);
			defaultConfigurationIsVisible = 0;
			defaultConfigurationName = Release;
		};
/* End XCConfigurationList section */

/* Begin XCVersionGroup section */
		DF93CCC42A80BA7F00DD9DCD /* ToDoList.xcdatamodeld */ = {
			isa = XCVersionGroup;
			children = (
				DF93CCC52A80BA7F00DD9DCD /* ToDoList.xcdatamodel */,
			);
			currentVersion = DF93CCC52A80BA7F00DD9DCD /* ToDoList.xcdatamodel */;
			path = ToDoList.xcdatamodeld;
			sourceTree = "<group>";
			versionGroupType = wrapper.xcdatamodel;
		};
/* End XCVersionGroup section */
	};
	rootObject = DF93CCB02A80BA7F00DD9DCD /* Project object */;
}
